
Microsoft Visual Studio Solution File, Format Version 12.00
# Visual Studio Version 17
VisualStudioVersion = 17.5.33516.290
MinimumVisualStudioVersion = 10.0.40219.1
Project("{9A19103F-16F7-4668-BE54-9A1E7A4F7556}") = "asycn", "asycn.csproj", "{3116A15F-DA6D-4227-BFF9-800E6B766034}"
EndProject
Project("{9A19103F-16F7-4668-BE54-9A1E7A4F7556}") = "AsyncAndAwait", "..\AsyncAndAwait\AsyncAndAwait.csproj", "{76F68677-AAE4-45F1-8ACC-BA58040E6697}"
EndProject
Project("{9A19103F-16F7-4668-BE54-9A1E7A4F7556}") = "AsyncAndThread", "..\AsyncAndThread\AsyncAndThread.csproj", "{8C1B7D08-91CB-4D1E-B15B-237D8DED3151}"
EndProject
Project("{FAE04EC0-301F-11D3-BF4B-00C04F79EFBC}") = "AsyncUnequalThread", "..\AsyncUnequalThread\AsyncUnequalThread.csproj", "{6CF14C49-8385-4F6B-B88A-DADA3DAA2EA5}"
EndProject
Project("{FAE04EC0-301F-11D3-BF4B-00C04F79EFBC}") = "CancelLationToken", "..\CancelLationToken\CancelLationToken.csproj", "{D0591DE6-FDE1-4400-9CC7-3117E4D1C024}"
EndProject
Global
	GlobalSection(SolutionConfigurationPlatforms) = preSolution
		Debug|Any CPU = Debug|Any CPU
		Release|Any CPU = Release|Any CPU
	EndGlobalSection
	GlobalSection(ProjectConfigurationPlatforms) = postSolution
		{3116A15F-DA6D-4227-BFF9-800E6B766034}.Debug|Any CPU.ActiveCfg = Debug|Any CPU
		{3116A15F-DA6D-4227-BFF9-800E6B766034}.Debug|Any CPU.Build.0 = Debug|Any CPU
		{3116A15F-DA6D-4227-BFF9-800E6B766034}.Release|Any CPU.ActiveCfg = Release|Any CPU
		{3116A15F-DA6D-4227-BFF9-800E6B766034}.Release|Any CPU.Build.0 = Release|Any CPU
		{76F68677-AAE4-45F1-8ACC-BA58040E6697}.Debug|Any CPU.ActiveCfg = Debug|Any CPU
		{76F68677-AAE4-45F1-8ACC-BA58040E6697}.Debug|Any CPU.Build.0 = Debug|Any CPU
		{76F68677-AAE4-45F1-8ACC-BA58040E6697}.Release|Any CPU.ActiveCfg = Release|Any CPU
		{76F68677-AAE4-45F1-8ACC-BA58040E6697}.Release|Any CPU.Build.0 = Release|Any CPU
		{8C1B7D08-91CB-4D1E-B15B-237D8DED3151}.Debug|Any CPU.ActiveCfg = Debug|Any CPU
		{8C1B7D08-91CB-4D1E-B15B-237D8DED3151}.Debug|Any CPU.Build.0 = Debug|Any CPU
		{8C1B7D08-91CB-4D1E-B15B-237D8DED3151}.Release|Any CPU.ActiveCfg = Release|Any CPU
		{8C1B7D08-91CB-4D1E-B15B-237D8DED3151}.Release|Any CPU.Build.0 = Release|Any CPU
		{6CF14C49-8385-4F6B-B88A-DADA3DAA2EA5}.Debug|Any CPU.ActiveCfg = Debug|Any CPU
		{6CF14C49-8385-4F6B-B88A-DADA3DAA2EA5}.Debug|Any CPU.Build.0 = Debug|Any CPU
		{6CF14C49-8385-4F6B-B88A-DADA3DAA2EA5}.Release|Any CPU.ActiveCfg = Release|Any CPU
		{6CF14C49-8385-4F6B-B88A-DADA3DAA2EA5}.Release|Any CPU.Build.0 = Release|Any CPU
		{D0591DE6-FDE1-4400-9CC7-3117E4D1C024}.Debug|Any CPU.ActiveCfg = Debug|Any CPU
		{D0591DE6-FDE1-4400-9CC7-3117E4D1C024}.Debug|Any CPU.Build.0 = Debug|Any CPU
		{D0591DE6-FDE1-4400-9CC7-3117E4D1C024}.Release|Any CPU.ActiveCfg = Release|Any CPU
		{D0591DE6-FDE1-4400-9CC7-3117E4D1C024}.Release|Any CPU.Build.0 = Release|Any CPU
	EndGlobalSection
	GlobalSection(SolutionProperties) = preSolution
		HideSolutionNode = FALSE
	EndGlobalSection
	GlobalSection(ExtensibilityGlobals) = postSolution
		SolutionGuid = {D2D8A14C-AE8B-4E69-947C-1A7B495BB1CC}
	EndGlobalSection
EndGlobal
